
Microsoft Visual Studio Solution File, Format Version 12.00
# Visual Studio Version 17
VisualStudioVersion = 17.7.33711.374
MinimumVisualStudioVersion = 10.0.40219.1
Project("{FAE04EC0-301F-11D3-BF4B-00C04F79EFBC}") = "SimpleNumbers", "SimpleNumbers\SimpleNumbers.csproj", "{28D4A051-B28E-4FA7-987A-889BD5EEF6BD}"
EndProject
Global
	GlobalSection(SolutionConfigurationPlatforms) = preSolution
		Debug|Any CPU = Debug|Any CPU
		Release|Any CPU = Release|Any CPU
	EndGlobalSection
	GlobalSection(ProjectConfigurationPlatforms) = postSolution
		{28D4A051-B28E-4FA7-987A-889BD5EEF6BD}.Debug|Any CPU.ActiveCfg = Debug|Any CPU
		{28D4A051-B28E-4FA7-987A-889BD5EEF6BD}.Debug|Any CPU.Build.0 = Debug|Any CPU
		{28D4A051-B28E-4FA7-987A-889BD5EEF6BD}.Release|Any CPU.ActiveCfg = Release|Any CPU
		{28D4A051-B28E-4FA7-987A-889BD5EEF6BD}.Release|Any CPU.Build.0 = Release|Any CPU
	EndGlobalSection
	GlobalSection(SolutionProperties) = preSolution
		HideSolutionNode = FALSE
	EndGlobalSection
	GlobalSection(ExtensibilityGlobals) = postSolution
		SolutionGuid = {719860CB-F33F-4A1A-B515-B749D3A7CB23}
	EndGlobalSection
EndGlobal
